// !$*UTF8*$!
{
	archiveVersion = 1;
	classes = {
	};
	objectVersion = 46;
	objects = {

/* Begin PBXBuildFile section */
		1D601A101F65404C00DD1E40 /* Trust_MacOS_OBJC.framework in Frameworks */ = {isa = PBXBuildFile; fileRef = 1D601A061F65404C00DD1E40 /* Trust_MacOS_OBJC.framework */; };
		1D601A151F65404C00DD1E40 /* Trust_MacOS_OBJCTests.m in Sources */ = {isa = PBXBuildFile; fileRef = 1D601A141F65404C00DD1E40 /* Trust_MacOS_OBJCTests.m */; };
		1D601A171F65404C00DD1E40 /* Trust_MacOS_OBJC.h in Headers */ = {isa = PBXBuildFile; fileRef = 1D601A091F65404C00DD1E40 /* Trust_MacOS_OBJC.h */; settings = {ATTRIBUTES = (Public, ); }; };
		1D601A231F65A28700DD1E40 /* OC_TMO_Globals.h in Headers */ = {isa = PBXBuildFile; fileRef = 1D601A211F65A28700DD1E40 /* OC_TMO_Globals.h */; };
		1D601A241F65A28700DD1E40 /* OC_TMO_Globals.m in Sources */ = {isa = PBXBuildFile; fileRef = 1D601A221F65A28700DD1E40 /* OC_TMO_Globals.m */; };
		7259C08B9F17BA7ACD4D60D9 /* Pods_Trust_MacOS_OBJC.framework in Frameworks */ = {isa = PBXBuildFile; fileRef = DFE24AB5478521A919454C0C /* Pods_Trust_MacOS_OBJC.framework */; };
/* End PBXBuildFile section */

/* Begin PBXContainerItemProxy section */
		1D601A111F65404C00DD1E40 /* PBXContainerItemProxy */ = {
			isa = PBXContainerItemProxy;
			containerPortal = 1D6019FD1F65404C00DD1E40 /* Project object */;
			proxyType = 1;
			remoteGlobalIDString = 1D601A051F65404C00DD1E40;
			remoteInfo = Trust_MacOS_OBJC;
		};
/* End PBXContainerItemProxy section */

/* Begin PBXFileReference section */
		1D601A061F65404C00DD1E40 /* Trust_MacOS_OBJC.framework */ = {isa = PBXFileReference; explicitFileType = wrapper.framework; includeInIndex = 0; path = Trust_MacOS_OBJC.framework; sourceTree = BUILT_PRODUCTS_DIR; };
		1D601A091F65404C00DD1E40 /* Trust_MacOS_OBJC.h */ = {isa = PBXFileReference; lastKnownFileType = sourcecode.c.h; path = Trust_MacOS_OBJC.h; sourceTree = "<group>"; };
		1D601A0A1F65404C00DD1E40 /* Info.plist */ = {isa = PBXFileReference; lastKnownFileType = text.plist.xml; path = Info.plist; sourceTree = "<group>"; };
		1D601A0F1F65404C00DD1E40 /* Trust_MacOS_OBJCTests.xctest */ = {isa = PBXFileReference; explicitFileType = wrapper.cfbundle; includeInIndex = 0; path = Trust_MacOS_OBJCTests.xctest; sourceTree = BUILT_PRODUCTS_DIR; };
		1D601A141F65404C00DD1E40 /* Trust_MacOS_OBJCTests.m */ = {isa = PBXFileReference; lastKnownFileType = sourcecode.c.objc; path = Trust_MacOS_OBJCTests.m; sourceTree = "<group>"; };
		1D601A161F65404C00DD1E40 /* Info.plist */ = {isa = PBXFileReference; lastKnownFileType = text.plist.xml; path = Info.plist; sourceTree = "<group>"; };
		1D601A211F65A28700DD1E40 /* OC_TMO_Globals.h */ = {isa = PBXFileReference; fileEncoding = 4; lastKnownFileType = sourcecode.c.h; path = OC_TMO_Globals.h; sourceTree = "<group>"; };
		1D601A221F65A28700DD1E40 /* OC_TMO_Globals.m */ = {isa = PBXFileReference; fileEncoding = 4; lastKnownFileType = sourcecode.c.objc; path = OC_TMO_Globals.m; sourceTree = "<group>"; };
		64D00211CD268AFE3962FBC8 /* Pods-Trust_MacOS_OBJC.release.xcconfig */ = {isa = PBXFileReference; includeInIndex = 1; lastKnownFileType = text.xcconfig; name = "Pods-Trust_MacOS_OBJC.release.xcconfig"; path = "../../../../../Pods/Target Support Files/Pods-Trust_MacOS_OBJC/Pods-Trust_MacOS_OBJC.release.xcconfig"; sourceTree = "<group>"; };
		DFE24AB5478521A919454C0C /* Pods_Trust_MacOS_OBJC.framework */ = {isa = PBXFileReference; explicitFileType = wrapper.framework; includeInIndex = 0; path = Pods_Trust_MacOS_OBJC.framework; sourceTree = BUILT_PRODUCTS_DIR; };
		E31DBAA9A49C5F7E2A266EDE /* Pods-Trust_MacOS_OBJC.debug.xcconfig */ = {isa = PBXFileReference; includeInIndex = 1; lastKnownFileType = text.xcconfig; name = "Pods-Trust_MacOS_OBJC.debug.xcconfig"; path = "../../../../../Pods/Target Support Files/Pods-Trust_MacOS_OBJC/Pods-Trust_MacOS_OBJC.debug.xcconfig"; sourceTree = "<group>"; };
/* End PBXFileReference section */

/* Begin PBXFrameworksBuildPhase section */
		1D601A021F65404C00DD1E40 /* Frameworks */ = {
			isa = PBXFrameworksBuildPhase;
			buildActionMask = 2147483647;
			files = (
				7259C08B9F17BA7ACD4D60D9 /* Pods_Trust_MacOS_OBJC.framework in Frameworks */,
			);
			runOnlyForDeploymentPostprocessing = 0;
		};
		1D601A0C1F65404C00DD1E40 /* Frameworks */ = {
			isa = PBXFrameworksBuildPhase;
			buildActionMask = 2147483647;
			files = (
				1D601A101F65404C00DD1E40 /* Trust_MacOS_OBJC.framework in Frameworks */,
			);
			runOnlyForDeploymentPostprocessing = 0;
		};
/* End PBXFrameworksBuildPhase section */

/* Begin PBXGroup section */
		1D6019FC1F65404C00DD1E40 = {
			isa = PBXGroup;
			children = (
				1D601A081F65404C00DD1E40 /* Trust_MacOS_OBJC */,
				1D601A131F65404C00DD1E40 /* Trust_MacOS_OBJCTests */,
				1D601A071F65404C00DD1E40 /* Products */,
				7A8DE446F7CE9CF7C4597366 /* Pods */,
				B479640D8186770E95DDAABD /* Frameworks */,
			);
			sourceTree = "<group>";
		};
		1D601A071F65404C00DD1E40 /* Products */ = {
			isa = PBXGroup;
			children = (
				1D601A061F65404C00DD1E40 /* Trust_MacOS_OBJC.framework */,
				1D601A0F1F65404C00DD1E40 /* Trust_MacOS_OBJCTests.xctest */,
			);
			name = Products;
			sourceTree = "<group>";
		};
		1D601A081F65404C00DD1E40 /* Trust_MacOS_OBJC */ = {
			isa = PBXGroup;
			children = (
				1D601A201F65A1D400DD1E40 /* Public */,
				1D601A091F65404C00DD1E40 /* Trust_MacOS_OBJC.h */,
				1D601A0A1F65404C00DD1E40 /* Info.plist */,
			);
			path = Trust_MacOS_OBJC;
			sourceTree = "<group>";
		};
		1D601A131F65404C00DD1E40 /* Trust_MacOS_OBJCTests */ = {
			isa = PBXGroup;
			children = (
				1D601A141F65404C00DD1E40 /* Trust_MacOS_OBJCTests.m */,
				1D601A161F65404C00DD1E40 /* Info.plist */,
			);
			path = Trust_MacOS_OBJCTests;
			sourceTree = "<group>";
		};
		1D601A201F65A1D400DD1E40 /* Public */ = {
			isa = PBXGroup;
			children = (
				1D601A211F65A28700DD1E40 /* OC_TMO_Globals.h */,
				1D601A221F65A28700DD1E40 /* OC_TMO_Globals.m */,
			);
			name = Public;
			sourceTree = "<group>";
		};
		7A8DE446F7CE9CF7C4597366 /* Pods */ = {
			isa = PBXGroup;
			children = (
				E31DBAA9A49C5F7E2A266EDE /* Pods-Trust_MacOS_OBJC.debug.xcconfig */,
				64D00211CD268AFE3962FBC8 /* Pods-Trust_MacOS_OBJC.release.xcconfig */,
			);
			name = Pods;
			sourceTree = "<group>";
		};
		B479640D8186770E95DDAABD /* Frameworks */ = {
			isa = PBXGroup;
			children = (
				DFE24AB5478521A919454C0C /* Pods_Trust_MacOS_OBJC.framework */,
			);
			name = Frameworks;
			sourceTree = "<group>";
		};
/* End PBXGroup section */

/* Begin PBXHeadersBuildPhase section */
		1D601A031F65404C00DD1E40 /* Headers */ = {
			isa = PBXHeadersBuildPhase;
			buildActionMask = 2147483647;
			files = (
				1D601A231F65A28700DD1E40 /* OC_TMO_Globals.h in Headers */,
				1D601A171F65404C00DD1E40 /* Trust_MacOS_OBJC.h in Headers */,
			);
			runOnlyForDeploymentPostprocessing = 0;
		};
/* End PBXHeadersBuildPhase section */

/* Begin PBXNativeTarget section */
		1D601A051F65404C00DD1E40 /* Trust_MacOS_OBJC */ = {
			isa = PBXNativeTarget;
			buildConfigurationList = 1D601A1A1F65404C00DD1E40 /* Build configuration list for PBXNativeTarget "Trust_MacOS_OBJC" */;
			buildPhases = (
				963F3841ED56B2A72AB8DDD0 /* [CP] Check Pods Manifest.lock */,
				1D601A011F65404C00DD1E40 /* Sources */,
				1D601A021F65404C00DD1E40 /* Frameworks */,
				1D601A031F65404C00DD1E40 /* Headers */,
				1D601A041F65404C00DD1E40 /* Resources */,
				B82661EFFA7321C599935094 /* [CP] Copy Pods Resources */,
			);
			buildRules = (
			);
			dependencies = (
			);
			name = Trust_MacOS_OBJC;
			productName = Trust_MacOS_OBJC;
			productReference = 1D601A061F65404C00DD1E40 /* Trust_MacOS_OBJC.framework */;
			productType = "com.apple.product-type.framework";
		};
		1D601A0E1F65404C00DD1E40 /* Trust_MacOS_OBJCTests */ = {
			isa = PBXNativeTarget;
			buildConfigurationList = 1D601A1D1F65404C00DD1E40 /* Build configuration list for PBXNativeTarget "Trust_MacOS_OBJCTests" */;
			buildPhases = (
				1D601A0B1F65404C00DD1E40 /* Sources */,
				1D601A0C1F65404C00DD1E40 /* Frameworks */,
				1D601A0D1F65404C00DD1E40 /* Resources */,
			);
			buildRules = (
			);
			dependencies = (
				1D601A121F65404C00DD1E40 /* PBXTargetDependency */,
			);
			name = Trust_MacOS_OBJCTests;
			productName = Trust_MacOS_OBJCTests;
			productReference = 1D601A0F1F65404C00DD1E40 /* Trust_MacOS_OBJCTests.xctest */;
			productType = "com.apple.product-type.bundle.unit-test";
		};
/* End PBXNativeTarget section */

/* Begin PBXProject section */
		1D6019FD1F65404C00DD1E40 /* Project object */ = {
			isa = PBXProject;
			attributes = {
				LastUpgradeCheck = 0830;
				ORGANIZATIONNAME = "Open Correlate";
				TargetAttributes = {
					1D601A051F65404C00DD1E40 = {
						CreatedOnToolsVersion = 8.3.3;
						DevelopmentTeam = C389Y4SA6X;
						ProvisioningStyle = Automatic;
					};
					1D601A0E1F65404C00DD1E40 = {
						CreatedOnToolsVersion = 8.3.3;
						DevelopmentTeam = C389Y4SA6X;
						ProvisioningStyle = Automatic;
					};
				};
			};
			buildConfigurationList = 1D601A001F65404C00DD1E40 /* Build configuration list for PBXProject "Trust_MacOS_OBJC" */;
			compatibilityVersion = "Xcode 3.2";
			developmentRegion = English;
			hasScannedForEncodings = 0;
			knownRegions = (
				en,
			);
			mainGroup = 1D6019FC1F65404C00DD1E40;
			productRefGroup = 1D601A071F65404C00DD1E40 /* Products */;
			projectDirPath = "";
			projectRoot = "";
			targets = (
				1D601A051F65404C00DD1E40 /* Trust_MacOS_OBJC */,
				1D601A0E1F65404C00DD1E40 /* Trust_MacOS_OBJCTests */,
			);
		};
/* End PBXProject section */

/* Begin PBXResourcesBuildPhase section */
		1D601A041F65404C00DD1E40 /* Resources */ = {
			isa = PBXResourcesBuildPhase;
			buildActionMask = 2147483647;
			files = (
			);
			runOnlyForDeploymentPostprocessing = 0;
		};
		1D601A0D1F65404C00DD1E40 /* Resources */ = {
			isa = PBXResourcesBuildPhase;
			buildActionMask = 2147483647;
			files = (
			);
			runOnlyForDeploymentPostprocessing = 0;
		};
/* End PBXResourcesBuildPhase section */

/* Begin PBXShellScriptBuildPhase section */
		963F3841ED56B2A72AB8DDD0 /* [CP] Check Pods Manifest.lock */ = {
			isa = PBXShellScriptBuildPhase;
			buildActionMask = 2147483647;
			files = (
			);
			inputPaths = (
				"${PODS_PODFILE_DIR_PATH}/Podfile.lock",
				"${PODS_ROOT}/Manifest.lock",
			);
			name = "[CP] Check Pods Manifest.lock";
			outputPaths = (
				"$(DERIVED_FILE_DIR)/Pods-Trust_MacOS_OBJC-checkManifestLockResult.txt",
			);
			runOnlyForDeploymentPostprocessing = 0;
			shellPath = /bin/sh;
			shellScript = "diff \"${PODS_PODFILE_DIR_PATH}/Podfile.lock\" \"${PODS_ROOT}/Manifest.lock\" > /dev/null\nif [ $? != 0 ] ; then\n    # print error to STDERR\n    echo \"error: The sandbox is not in sync with the Podfile.lock. Run 'pod install' or update your CocoaPods installation.\" >&2\n    exit 1\nfi\n# This output is used by Xcode 'outputs' to avoid re-running this script phase.\necho \"SUCCESS\" > \"${SCRIPT_OUTPUT_FILE_0}\"\n";
			showEnvVarsInLog = 0;
		};
		B82661EFFA7321C599935094 /* [CP] Copy Pods Resources */ = {
			isa = PBXShellScriptBuildPhase;
			buildActionMask = 2147483647;
			files = (
			);
			inputPaths = (
			);
			name = "[CP] Copy Pods Resources";
			outputPaths = (
			);
			runOnlyForDeploymentPostprocessing = 0;
			shellPath = /bin/sh;
			shellScript = "\"${SRCROOT}/../../../../../Pods/Target Support Files/Pods-Trust_MacOS_OBJC/Pods-Trust_MacOS_OBJC-resources.sh\"\n";
			showEnvVarsInLog = 0;
		};
/* End PBXShellScriptBuildPhase section */

/* Begin PBXSourcesBuildPhase section */
		1D601A011F65404C00DD1E40 /* Sources */ = {
			isa = PBXSourcesBuildPhase;
			buildActionMask = 2147483647;
			files = (
				1D601A241F65A28700DD1E40 /* OC_TMO_Globals.m in Sources */,
			);
			runOnlyForDeploymentPostprocessing = 0;
		};
		1D601A0B1F65404C00DD1E40 /* Sources */ = {
			isa = PBXSourcesBuildPhase;
			buildActionMask = 2147483647;
			files = (
				1D601A151F65404C00DD1E40 /* Trust_MacOS_OBJCTests.m in Sources */,
			);
			runOnlyForDeploymentPostprocessing = 0;
		};
/* End PBXSourcesBuildPhase section */

/* Begin PBXTargetDependency section */
		1D601A121F65404C00DD1E40 /* PBXTargetDependency */ = {
			isa = PBXTargetDependency;
			target = 1D601A051F65404C00DD1E40 /* Trust_MacOS_OBJC */;
			targetProxy = 1D601A111F65404C00DD1E40 /* PBXContainerItemProxy */;
		};
/* End PBXTargetDependency section */

/* Begin XCBuildConfiguration section */
		1D601A181F65404C00DD1E40 /* Debug */ = {
			isa = XCBuildConfiguration;
			buildSettings = {
				ALWAYS_SEARCH_USER_PATHS = NO;
				CLANG_ANALYZER_NONNULL = YES;
				CLANG_ANALYZER_NUMBER_OBJECT_CONVERSION = YES_AGGRESSIVE;
				CLANG_CXX_LANGUAGE_STANDARD = "gnu++0x";
				CLANG_CXX_LIBRARY = "libc++";
				CLANG_ENABLE_MODULES = YES;
				CLANG_ENABLE_OBJC_ARC = YES;
				CLANG_WARN_BOOL_CONVERSION = YES;
				CLANG_WARN_CONSTANT_CONVERSION = YES;
				CLANG_WARN_DIRECT_OBJC_ISA_USAGE = YES_ERROR;
				CLANG_WARN_DOCUMENTATION_COMMENTS = YES;
				CLANG_WARN_EMPTY_BODY = YES;
				CLANG_WARN_ENUM_CONVERSION = YES;
				CLANG_WARN_INFINITE_RECURSION = YES;
				CLANG_WARN_INT_CONVERSION = YES;
				CLANG_WARN_OBJC_ROOT_CLASS = YES_ERROR;
				CLANG_WARN_SUSPICIOUS_MOVE = YES;
				CLANG_WARN_UNREACHABLE_CODE = YES;
				CLANG_WARN__DUPLICATE_METHOD_MATCH = YES;
				CODE_SIGN_IDENTITY = "-";
				COPY_PHASE_STRIP = NO;
				CURRENT_PROJECT_VERSION = 1;
				DEBUG_INFORMATION_FORMAT = dwarf;
				ENABLE_STRICT_OBJC_MSGSEND = YES;
				ENABLE_TESTABILITY = YES;
				GCC_C_LANGUAGE_STANDARD = gnu99;
				GCC_DYNAMIC_NO_PIC = NO;
				GCC_NO_COMMON_BLOCKS = YES;
				GCC_OPTIMIZATION_LEVEL = 0;
				GCC_PREPROCESSOR_DEFINITIONS = (
					"DEBUG=1",
					"$(inherited)",
				);
				GCC_WARN_64_TO_32_BIT_CONVERSION = YES;
				GCC_WARN_ABOUT_RETURN_TYPE = YES_ERROR;
				GCC_WARN_UNDECLARED_SELECTOR = YES;
				GCC_WARN_UNINITIALIZED_AUTOS = YES_AGGRESSIVE;
				GCC_WARN_UNUSED_FUNCTION = YES;
				GCC_WARN_UNUSED_VARIABLE = YES;
				MACOSX_DEPLOYMENT_TARGET = 10.12;
				MTL_ENABLE_DEBUG_INFO = YES;
				ONLY_ACTIVE_ARCH = YES;
				SDKROOT = macosx;
				VERSIONING_SYSTEM = "apple-generic";
				VERSION_INFO_PREFIX = "";
			};
			name = Debug;
		};
		1D601A191F65404C00DD1E40 /* Release */ = {
			isa = XCBuildConfiguration;
			buildSettings = {
				ALWAYS_SEARCH_USER_PATHS = NO;
				CLANG_ANALYZER_NONNULL = YES;
				CLANG_ANALYZER_NUMBER_OBJECT_CONVERSION = YES_AGGRESSIVE;
				CLANG_CXX_LANGUAGE_STANDARD = "gnu++0x";
				CLANG_CXX_LIBRARY = "libc++";
				CLANG_ENABLE_MODULES = YES;
				CLANG_ENABLE_OBJC_ARC = YES;
				CLANG_WARN_BOOL_CONVERSION = YES;
				CLANG_WARN_CONSTANT_CONVERSION = YES;
				CLANG_WARN_DIRECT_OBJC_ISA_USAGE = YES_ERROR;
				CLANG_WARN_DOCUMENTATION_COMMENTS = YES;
				CLANG_WARN_EMPTY_BODY = YES;
				CLANG_WARN_ENUM_CONVERSION = YES;
				CLANG_WARN_INFINITE_RECURSION = YES;
				CLANG_WARN_INT_CONVERSION = YES;
				CLANG_WARN_OBJC_ROOT_CLASS = YES_ERROR;
				CLANG_WARN_SUSPICIOUS_MOVE = YES;
				CLANG_WARN_UNREACHABLE_CODE = YES;
				CLANG_WARN__DUPLICATE_METHOD_MATCH = YES;
				CODE_SIGN_IDENTITY = "-";
				COPY_PHASE_STRIP = NO;
				CURRENT_PROJECT_VERSION = 1;
				DEBUG_INFORMATION_FORMAT = "dwarf-with-dsym";
				ENABLE_NS_ASSERTIONS = NO;
				ENABLE_STRICT_OBJC_MSGSEND = YES;
				GCC_C_LANGUAGE_STANDARD = gnu99;
				GCC_NO_COMMON_BLOCKS = YES;
				GCC_WARN_64_TO_32_BIT_CONVERSION = YES;
				GCC_WARN_ABOUT_RETURN_TYPE = YES_ERROR;
				GCC_WARN_UNDECLARED_SELECTOR = YES;
				GCC_WARN_UNINITIALIZED_AUTOS = YES_AGGRESSIVE;
				GCC_WARN_UNUSED_FUNCTION = YES;
				GCC_WARN_UNUSED_VARIABLE = YES;
				MACOSX_DEPLOYMENT_TARGET = 10.12;
				MTL_ENABLE_DEBUG_INFO = NO;
				SDKROOT = macosx;
				VERSIONING_SYSTEM = "apple-generic";
				VERSION_INFO_PREFIX = "";
			};
			name = Release;
		};
		1D601A1B1F65404C00DD1E40 /* Debug */ = {
			isa = XCBuildConfiguration;
			baseConfigurationReference = E31DBAA9A49C5F7E2A266EDE /* Pods-Trust_MacOS_OBJC.debug.xcconfig */;
			buildSettings = {
				CODE_SIGN_IDENTITY = "";
				COMBINE_HIDPI_IMAGES = YES;
				DEFINES_MODULE = YES;
				DEVELOPMENT_TEAM = C389Y4SA6X;
				DYLIB_COMPATIBILITY_VERSION = 1;
				DYLIB_CURRENT_VERSION = 1;
				DYLIB_INSTALL_NAME_BASE = "@rpath";
				FRAMEWORK_VERSION = A;
				INFOPLIST_FILE = Trust_MacOS_OBJC/Info.plist;
				INSTALL_PATH = "$(LOCAL_LIBRARY_DIR)/Frameworks";
				LD_RUNPATH_SEARCH_PATHS = "$(inherited) @executable_path/../Frameworks @loader_path/Frameworks";
				PRODUCT_BUNDLE_IDENTIFIER = "org.opencorrelate.ckt.objc.macos.Trust-MacOS-OBJC";
				PRODUCT_NAME = "$(TARGET_NAME)";
				SKIP_INSTALL = YES;
			};
			name = Debug;
		};
		1D601A1C1F65404C00DD1E40 /* Release */ = {
			isa = XCBuildConfiguration;
			baseConfigurationReference = 64D00211CD268AFE3962FBC8 /* Pods-Trust_MacOS_OBJC.release.xcconfig */;
			buildSettings = {
				CODE_SIGN_IDENTITY = "";
				COMBINE_HIDPI_IMAGES = YES;
				DEFINES_MODULE = YES;
				DEVELOPMENT_TEAM = C389Y4SA6X;
				DYLIB_COMPATIBILITY_VERSION = 1;
				DYLIB_CURRENT_VERSION = 1;
				DYLIB_INSTALL_NAME_BASE = "@rpath";
				FRAMEWORK_VERSION = A;
				INFOPLIST_FILE = Trust_MacOS_OBJC/Info.plist;
				INSTALL_PATH = "$(LOCAL_LIBRARY_DIR)/Frameworks";
				LD_RUNPATH_SEARCH_PATHS = "$(inherited) @executable_path/../Frameworks @loader_path/Frameworks";
				PRODUCT_BUNDLE_IDENTIFIER = "org.opencorrelate.ckt.objc.macos.Trust-MacOS-OBJC";
				PRODUCT_NAME = "$(TARGET_NAME)";
				SKIP_INSTALL = YES;
			};
			name = Release;
		};
		1D601A1E1F65404C00DD1E40 /* Debug */ = {
			isa = XCBuildConfiguration;
			buildSettings = {
				COMBINE_HIDPI_IMAGES = YES;
				DEVELOPMENT_TEAM = C389Y4SA6X;
				INFOPLIST_FILE = Trust_MacOS_OBJCTests/Info.plist;
				LD_RUNPATH_SEARCH_PATHS = "$(inherited) @executable_path/../Frameworks @loader_path/../Frameworks";
				PRODUCT_BUNDLE_IDENTIFIER = "org.opencorrelate.ckt.objc.macos.Trust-MacOS-OBJCTests";
				PRODUCT_NAME = "$(TARGET_NAME)";
			};
			name = Debug;
		};
		1D601A1F1F65404C00DD1E40 /* Release */ = {
			isa = XCBuildConfiguration;
			buildSettings = {
				COMBINE_HIDPI_IMAGES = YES;
				DEVELOPMENT_TEAM = C389Y4SA6X;
				INFOPLIST_FILE = Trust_MacOS_OBJCTests/Info.plist;
				LD_RUNPATH_SEARCH_PATHS = "$(inherited) @executable_path/../Frameworks @loader_path/../Frameworks";
				PRODUCT_BUNDLE_IDENTIFIER = "org.opencorrelate.ckt.objc.macos.Trust-MacOS-OBJCTests";
				PRODUCT_NAME = "$(TARGET_NAME)";
			};
			name = Release;
		};
/* End XCBuildConfiguration section */

/* Begin XCConfigurationList section */
		1D601A001F65404C00DD1E40 /* Build configuration list for PBXProject "Trust_MacOS_OBJC" */ = {
			isa = XCConfigurationList;
			buildConfigurations = (
				1D601A181F65404C00DD1E40 /* Debug */,
				1D601A191F65404C00DD1E40 /* Release */,
			);
			defaultConfigurationIsVisible = 0;
			defaultConfigurationName = Release;
		};
		1D601A1A1F65404C00DD1E40 /* Build configuration list for PBXNativeTarget "Trust_MacOS_OBJC" */ = {
			isa = XCConfigurationList;
			buildConfigurations = (
				1D601A1B1F65404C00DD1E40 /* Debug */,
				1D601A1C1F65404C00DD1E40 /* Release */,
			);
			defaultConfigurationIsVisible = 0;
			defaultConfigurationName = Release;
		};
		1D601A1D1F65404C00DD1E40 /* Build configuration list for PBXNativeTarget "Trust_MacOS_OBJCTests" */ = {
			isa = XCConfigurationList;
			buildConfigurations = (
				1D601A1E1F65404C00DD1E40 /* Debug */,
				1D601A1F1F65404C00DD1E40 /* Release */,
			);
			defaultConfigurationIsVisible = 0;
			defaultConfigurationName = Release;
		};
/* End XCConfigurationList section */
	};
	rootObject = 1D6019FD1F65404C00DD1E40 /* Project object */;
}
